<?xml version="1.0" encoding="utf-8"?>
<Project ToolsVersion="4.0" xmlns="http://schemas.microsoft.com/developer/msbuild/2003">
  <ItemGroup>
    <Filter Include="Source Files">
      <UniqueIdentifier>{4FC737F1-C7A5-4376-A066-2A32D752A2FF}</UniqueIdentifier>
      <Extensions>cpp;c;cc;cxx;c++;cppm;ixx;def;odl;idl;hpj;bat;asm;asmx</Extensions>
    </Filter>
    <Filter Include="Header Files">
      <UniqueIdentifier>{93995380-89BD-4b04-88EB-625FBE52EBFB}</UniqueIdentifier>
      <Extensions>h;hh;hpp;hxx;h++;hm;inl;inc;ipp;xsd</Extensions>
    </Filter>
    <Filter Include="Resource Files">
      <UniqueIdentifier>{67DA6AB6-F800-4c08-8B7A-83BB121AAD01}</UniqueIdentifier>
      <Extensions>rc;ico;cur;bmp;dlg;rc2;rct;bin;rgs;gif;jpg;jpeg;jpe;resx;tiff;tif;png;wav;mfcribbon-ms</Extensions>
    </Filter>
    <Filter Include="Header Files\Shaders">
      <UniqueIdentifier>{ef833f97-b0b4-4def-bfe1-f24af5fc5f01}</UniqueIdentifier>
    </Filter>
    <Filter Include="Header Files\External">
      <UniqueIdentifier>{13b2d64b-6cec-4a1c-b46e-8f306a471e67}</UniqueIdentifier>
    </Filter>
    <Filter Include="Header Files\Components">
      <UniqueIdentifier>{39de915a-1155-490e-a796-a9e3f607189a}</UniqueIdentifier>
    </Filter>
    <Filter Include="Header Files\Simulated">
      <UniqueIdentifier>{6f7fbd23-e83f-43b2-a709-6061c21a3a92}</UniqueIdentifier>
    </Filter>
    <Filter Include="Header Files\Math">
      <UniqueIdentifier>{d8473f49-2250-4ff2-bc7b-b3e9e9a4fd2e}</UniqueIdentifier>
    </Filter>
    <Filter Include="Header Files\Management">
      <UniqueIdentifier>{967feba6-21fd-465e-893e-c03ebec7560c}</UniqueIdentifier>
    </Filter>
    <Filter Include="Source Files\Management">
      <UniqueIdentifier>{09770a08-d44f-43e3-a6f9-e064f98e5827}</UniqueIdentifier>
    </Filter>
    <Filter Include="Source Files\External">
      <UniqueIdentifier>{9ce32933-5436-400a-8ce7-5056eb197206}</UniqueIdentifier>
    </Filter>
    <Filter Include="Source Files\Simulated">
      <UniqueIdentifier>{78c7d14b-086c-4111-9158-2673cb1f2f79}</UniqueIdentifier>
    </Filter>
    <Filter Include="Source Files\Math">
      <UniqueIdentifier>{7a499209-fe89-474b-b3dd-063ffd37fa6b}</UniqueIdentifier>
    </Filter>
    <Filter Include="Source Files\Components">
      <UniqueIdentifier>{f74c8bdd-d565-4b1c-ab6e-1bcfc82f287a}</UniqueIdentifier>
    </Filter>
    <Filter Include="Source Files\Shaders">
      <UniqueIdentifier>{d5a640db-661f-481a-baa6-51ce2dee66f8}</UniqueIdentifier>
    </Filter>
  </ItemGroup>
  <ItemGroup>
    <ClCompile Include="Window.cpp">
      <Filter>Source Files</Filter>
    </ClCompile>
    <ClCompile Include="main.cpp">
      <Filter>Source Files</Filter>
    </ClCompile>
    <ClCompile Include="Management\AdvancedInput.cpp">
      <Filter>Source Files\Management</Filter>
    </ClCompile>
    <ClCompile Include="Management\Input.cpp">
      <Filter>Source Files\Management</Filter>
    </ClCompile>
    <ClCompile Include="imgui-master\imgui.cpp">
      <Filter>Source Files\External</Filter>
    </ClCompile>
    <ClCompile Include="imgui-master\imgui_demo.cpp">
      <Filter>Source Files\External</Filter>
    </ClCompile>
    <ClCompile Include="imgui-master\imgui_draw.cpp">
      <Filter>Source Files\External</Filter>
    </ClCompile>
    <ClCompile Include="imgui-1.74\examples\imgui_impl_opengl3.cpp">
      <Filter>Source Files\External</Filter>
    </ClCompile>
    <ClCompile Include="imgui-master\backends\imgui_impl_opengl3.cpp">
      <Filter>Source Files\External</Filter>
    </ClCompile>
    <ClCompile Include="imgui-master\backends\imgui_impl_sdl.cpp">
      <Filter>Source Files\External</Filter>
    </ClCompile>
    <ClCompile Include="imgui_sdl-master\imgui_sdl.cpp">
      <Filter>Source Files\External</Filter>
    </ClCompile>
    <ClCompile Include="imgui-master\imgui_tables.cpp">
      <Filter>Source Files\External</Filter>
    </ClCompile>
    <ClCompile Include="imgui-master\imgui_widgets.cpp">
      <Filter>Source Files\External</Filter>
    </ClCompile>
    <ClCompile Include="Simulated\Camera.cpp">
      <Filter>Source Files\Simulated</Filter>
    </ClCompile>
    <ClCompile Include="Simulated\LightBase.cpp">
      <Filter>Source Files\Simulated</Filter>
    </ClCompile>
    <ClCompile Include="Math\Transform.cpp">
      <Filter>Source Files\Math</Filter>
    </ClCompile>
    <ClCompile Include="Math\Vertex.cpp">
      <Filter>Source Files\Math</Filter>
    </ClCompile>
    <ClCompile Include="Components\Mesh.cpp">
      <Filter>Source Files\Components</Filter>
    </ClCompile>
    <ClCompile Include="Components\Texture.cpp">
      <Filter>Source Files\Components</Filter>
    </ClCompile>
    <ClCompile Include="Components\Shape.cpp">
      <Filter>Source Files\Components</Filter>
    </ClCompile>
    <ClCompile Include="Management\ResourceManager.cpp">
      <Filter>Source Files</Filter>
    </ClCompile>
    <ClCompile Include="Simulated\Simulated.cpp">
      <Filter>Source Files</Filter>
    </ClCompile>
    <ClCompile Include="Components\MeshRenderer.cpp">
      <Filter>Source Files</Filter>
    </ClCompile>
    <ClCompile Include="Editor\Toolbar.cpp">
      <Filter>Source Files</Filter>
    </ClCompile>
    <ClCompile Include="Visuals\Substances\Material.cpp">
      <Filter>Source Files</Filter>
    </ClCompile>
    <ClCompile Include="Visuals\Substances\SmartMaterial.cpp">
      <Filter>Source Files</Filter>
    </ClCompile>
    <ClCompile Include="Visuals\Substances\SolidMaterial.cpp">
      <Filter>Source Files</Filter>
    </ClCompile>
    <ClCompile Include="Visuals\Substances\SurfaceMaterial.cpp">
      <Filter>Source Files</Filter>
    </ClCompile>
    <ClCompile Include="Visuals\Shader.cpp">
      <Filter>Source Files</Filter>
    </ClCompile>
    <ClCompile Include="Visuals\Skybox.cpp">
      <Filter>Source Files</Filter>
    </ClCompile>
    <ClCompile Include="Simulated\Entity.cpp">
      <Filter>Source Files</Filter>
    </ClCompile>
    <ClCompile Include="Simulated\Extensions\Animator.cpp">
      <Filter>Source Files</Filter>
    </ClCompile>
  </ItemGroup>
  <ItemGroup>
    <ClInclude Include="Window.h">
      <Filter>Header Files</Filter>
    </ClInclude>
    <ClInclude Include="Shaders\Shader.h">
      <Filter>Header Files\Shaders</Filter>
    </ClInclude>
    <ClInclude Include="imgui-master\imgui.h">
      <Filter>Header Files\External</Filter>
    </ClInclude>
    <ClInclude Include="imgui-1.74\examples\imgui_impl_opengl3.h">
      <Filter>Header Files\External</Filter>
    </ClInclude>
    <ClInclude Include="imgui-master\backends\imgui_impl_opengl3.h">
      <Filter>Header Files\External</Filter>
    </ClInclude>
    <ClInclude Include="imgui-master\backends\imgui_impl_opengl3_loader.h">
      <Filter>Header Files\External</Filter>
    </ClInclude>
    <ClInclude Include="imgui-master\backends\imgui_impl_sdl.h">
      <Filter>Header Files\External</Filter>
    </ClInclude>
    <ClInclude Include="imgui-master\imgui_internal.h">
      <Filter>Header Files\External</Filter>
    </ClInclude>
    <ClInclude Include="imgui_sdl-master\imgui_sdl.h">
      <Filter>Header Files\External</Filter>
    </ClInclude>
    <ClInclude Include="Components\Mesh.h">
      <Filter>Header Files\Components</Filter>
    </ClInclude>
    <ClInclude Include="Components\Shape.h">
      <Filter>Header Files\Components</Filter>
    </ClInclude>
    <ClInclude Include="Components\Texture.h">
      <Filter>Header Files\Components</Filter>
    </ClInclude>
    <ClInclude Include="Simulated\Camera.h">
      <Filter>Header Files\Simulated</Filter>
    </ClInclude>
    <ClInclude Include="Simulated\LightBase.h">
      <Filter>Header Files\Simulated</Filter>
    </ClInclude>
    <ClInclude Include="Math\Transform.h">
      <Filter>Header Files\Math</Filter>
    </ClInclude>
    <ClInclude Include="Math\Vertex.h">
      <Filter>Header Files\Math</Filter>
    </ClInclude>
    <ClInclude Include="stb_image.h">
      <Filter>Header Files\External</Filter>
    </ClInclude>
    <ClInclude Include="Management\AdvancedInput.h">
      <Filter>Header Files\Management</Filter>
    </ClInclude>
    <ClInclude Include="Constants.h">
      <Filter>Header Files\Management</Filter>
    </ClInclude>
    <ClInclude Include="Management\Input.h">
      <Filter>Header Files\Management</Filter>
    </ClInclude>
    <ClInclude Include="Management\ResourceManager.h">
      <Filter>Header Files</Filter>
    </ClInclude>
    <ClInclude Include="Simulated\Simulated.h">
      <Filter>Header Files</Filter>
    </ClInclude>
    <ClInclude Include="Components\MeshRenderer.h">
      <Filter>Header Files</Filter>
    </ClInclude>
    <ClInclude Include="Editor\Toolbar.h">
      <Filter>Header Files</Filter>
    </ClInclude>
    <ClInclude Include="Editor\Windows.h">
      <Filter>Header Files</Filter>
    </ClInclude>
    <ClInclude Include="Shaders\SmartMaterial.h">
      <Filter>Header Files</Filter>
    </ClInclude>
    <ClInclude Include="Management\Resource.h">
      <Filter>Header Files</Filter>
    </ClInclude>
    <ClInclude Include="Editor\Hierarchy.h">
      <Filter>Header Files</Filter>
    </ClInclude>
    <ClInclude Include="Entities\EntityManager.h">
      <Filter>Header Files</Filter>
    </ClInclude>
    <ClInclude Include="Visuals\Substances\Material.h">
      <Filter>Header Files</Filter>
    </ClInclude>
    <ClInclude Include="Visuals\Substances\SmartMaterial.h">
      <Filter>Header Files</Filter>
    </ClInclude>
    <ClInclude Include="Visuals\Substances\SolidMaterial.h">
      <Filter>Header Files</Filter>
    </ClInclude>
    <ClInclude Include="Visuals\Substances\SurfaceMaterial.h">
      <Filter>Header Files</Filter>
    </ClInclude>
    <ClInclude Include="Visuals\Animator.h">
      <Filter>Header Files</Filter>
    </ClInclude>
    <ClInclude Include="Visuals\Shader.h">
      <Filter>Header Files</Filter>
    </ClInclude>
    <ClInclude Include="Visuals\Skybox.h">
      <Filter>Header Files</Filter>
    </ClInclude>
    <ClInclude Include="Simulated\Entity.h">
      <Filter>Header Files</Filter>
    </ClInclude>
    <ClInclude Include="Simulated\Extensions\Animator.h">
      <Filter>Header Files</Filter>
    </ClInclude>
    <ClInclude Include="Simulated\Extensions\Extension.h">
      <Filter>Header Files</Filter>
    </ClInclude>
    <ClInclude Include="Simulated\Extensions\PlayerController.h">
      <Filter>Header Files</Filter>
    </ClInclude>
  </ItemGroup>
  <ItemGroup>
    <None Include="Visuals\Shaders\RealShader.frag" />
    <None Include="Visuals\Shaders\RealShader.vert" />
  </ItemGroup>
</Project>